
Microsoft Visual Studio Solution File, Format Version 12.00
# Visual Studio Version 17
VisualStudioVersion = 17.13.35828.75 d17.13
MinimumVisualStudioVersion = 10.0.40219.1
Project("{FAE04EC0-301F-11D3-BF4B-00C04F79EFBC}") = "MathAndComparison", "MathAndComparison\MathAndComparison.csproj", "{F4B3E6C9-7143-4584-988E-C6CDF23F856E}"
EndProject
Global
	GlobalSection(SolutionConfigurationPlatforms) = preSolution
		Debug|Any CPU = Debug|Any CPU
		Release|Any CPU = Release|Any CPU
	EndGlobalSection
	GlobalSection(ProjectConfigurationPlatforms) = postSolution
		{F4B3E6C9-7143-4584-988E-C6CDF23F856E}.Debug|Any CPU.ActiveCfg = Debug|Any CPU
		{F4B3E6C9-7143-4584-988E-C6CDF23F856E}.Debug|Any CPU.Build.0 = Debug|Any CPU
		{F4B3E6C9-7143-4584-988E-C6CDF23F856E}.Release|Any CPU.ActiveCfg = Release|Any CPU
		{F4B3E6C9-7143-4584-988E-C6CDF23F856E}.Release|Any CPU.Build.0 = Release|Any CPU
	EndGlobalSection
	GlobalSection(SolutionProperties) = preSolution
		HideSolutionNode = FALSE
	EndGlobalSection
	GlobalSection(ExtensibilityGlobals) = postSolution
		SolutionGuid = {61AA444B-3681-43BC-AC42-7711897E3C6A}
	EndGlobalSection
EndGlobal
