
Microsoft Visual Studio Solution File, Format Version 12.00
# Visual Studio Version 17
VisualStudioVersion = 17.13.35828.75 d17.13
MinimumVisualStudioVersion = 10.0.40219.1
Project("{FAE04EC0-301F-11D3-BF4B-00C04F79EFBC}") = "ArrayEx", "ArrayEx\ArrayEx.csproj", "{A2C0C1FE-863C-493C-BB83-222319AE2330}"
EndProject
Global
	GlobalSection(SolutionConfigurationPlatforms) = preSolution
		Debug|Any CPU = Debug|Any CPU
		Release|Any CPU = Release|Any CPU
	EndGlobalSection
	GlobalSection(ProjectConfigurationPlatforms) = postSolution
		{A2C0C1FE-863C-493C-BB83-222319AE2330}.Debug|Any CPU.ActiveCfg = Debug|Any CPU
		{A2C0C1FE-863C-493C-BB83-222319AE2330}.Debug|Any CPU.Build.0 = Debug|Any CPU
		{A2C0C1FE-863C-493C-BB83-222319AE2330}.Release|Any CPU.ActiveCfg = Release|Any CPU
		{A2C0C1FE-863C-493C-BB83-222319AE2330}.Release|Any CPU.Build.0 = Release|Any CPU
	EndGlobalSection
	GlobalSection(SolutionProperties) = preSolution
		HideSolutionNode = FALSE
	EndGlobalSection
	GlobalSection(ExtensibilityGlobals) = postSolution
		SolutionGuid = {F2D3700C-1125-46B3-9FD7-B3E1CFDA60BD}
	EndGlobalSection
EndGlobal
