
Microsoft Visual Studio Solution File, Format Version 12.00
# Visual Studio Version 17
VisualStudioVersion = 17.13.35828.75 d17.13
MinimumVisualStudioVersion = 10.0.40219.1
Project("{FAE04EC0-301F-11D3-BF4B-00C04F79EFBC}") = "StringsIntSubmissionAssignment", "StringsIntSubmissionAssignment\StringsIntSubmissionAssignment.csproj", "{7FD04644-95BC-4D2B-B948-8172F59F242B}"
EndProject
Global
	GlobalSection(SolutionConfigurationPlatforms) = preSolution
		Debug|Any CPU = Debug|Any CPU
		Release|Any CPU = Release|Any CPU
	EndGlobalSection
	GlobalSection(ProjectConfigurationPlatforms) = postSolution
		{7FD04644-95BC-4D2B-B948-8172F59F242B}.Debug|Any CPU.ActiveCfg = Debug|Any CPU
		{7FD04644-95BC-4D2B-B948-8172F59F242B}.Debug|Any CPU.Build.0 = Debug|Any CPU
		{7FD04644-95BC-4D2B-B948-8172F59F242B}.Release|Any CPU.ActiveCfg = Release|Any CPU
		{7FD04644-95BC-4D2B-B948-8172F59F242B}.Release|Any CPU.Build.0 = Release|Any CPU
	EndGlobalSection
	GlobalSection(SolutionProperties) = preSolution
		HideSolutionNode = FALSE
	EndGlobalSection
	GlobalSection(ExtensibilityGlobals) = postSolution
		SolutionGuid = {BDD0EE3D-C4E3-4939-9C8F-9769416EFF28}
	EndGlobalSection
EndGlobal
