
Microsoft Visual Studio Solution File, Format Version 12.00
# Visual Studio Version 17
VisualStudioVersion = 17.13.35828.75 d17.13
MinimumVisualStudioVersion = 10.0.40219.1
Project("{FAE04EC0-301F-11D3-BF4B-00C04F79EFBC}") = "Strings", "Strings\Strings.csproj", "{BF6FC2A8-929B-4C88-9B99-BC2560F4FE85}"
EndProject
Global
	GlobalSection(SolutionConfigurationPlatforms) = preSolution
		Debug|Any CPU = Debug|Any CPU
		Release|Any CPU = Release|Any CPU
	EndGlobalSection
	GlobalSection(ProjectConfigurationPlatforms) = postSolution
		{BF6FC2A8-929B-4C88-9B99-BC2560F4FE85}.Debug|Any CPU.ActiveCfg = Debug|Any CPU
		{BF6FC2A8-929B-4C88-9B99-BC2560F4FE85}.Debug|Any CPU.Build.0 = Debug|Any CPU
		{BF6FC2A8-929B-4C88-9B99-BC2560F4FE85}.Release|Any CPU.ActiveCfg = Release|Any CPU
		{BF6FC2A8-929B-4C88-9B99-BC2560F4FE85}.Release|Any CPU.Build.0 = Release|Any CPU
	EndGlobalSection
	GlobalSection(SolutionProperties) = preSolution
		HideSolutionNode = FALSE
	EndGlobalSection
	GlobalSection(ExtensibilityGlobals) = postSolution
		SolutionGuid = {9A370AE1-6720-4F29-8499-2919E750F5D8}
	EndGlobalSection
EndGlobal
