
Microsoft Visual Studio Solution File, Format Version 12.00
# Visual Studio Version 17
VisualStudioVersion = 17.13.35828.75 d17.13
MinimumVisualStudioVersion = 10.0.40219.1
Project("{FAE04EC0-301F-11D3-BF4B-00C04F79EFBC}") = "PolyMorph1", "PolyMorph1\PolyMorph1.csproj", "{C2ED7DA5-DB39-487E-9C6D-CBD12D734E8D}"
EndProject
Global
	GlobalSection(SolutionConfigurationPlatforms) = preSolution
		Debug|Any CPU = Debug|Any CPU
		Release|Any CPU = Release|Any CPU
	EndGlobalSection
	GlobalSection(ProjectConfigurationPlatforms) = postSolution
		{C2ED7DA5-DB39-487E-9C6D-CBD12D734E8D}.Debug|Any CPU.ActiveCfg = Debug|Any CPU
		{C2ED7DA5-DB39-487E-9C6D-CBD12D734E8D}.Debug|Any CPU.Build.0 = Debug|Any CPU
		{C2ED7DA5-DB39-487E-9C6D-CBD12D734E8D}.Release|Any CPU.ActiveCfg = Release|Any CPU
		{C2ED7DA5-DB39-487E-9C6D-CBD12D734E8D}.Release|Any CPU.Build.0 = Release|Any CPU
	EndGlobalSection
	GlobalSection(SolutionProperties) = preSolution
		HideSolutionNode = FALSE
	EndGlobalSection
	GlobalSection(ExtensibilityGlobals) = postSolution
		SolutionGuid = {8BE59EAA-1A6A-4282-B701-4AE01A546D7C}
	EndGlobalSection
EndGlobal
