
Microsoft Visual Studio Solution File, Format Version 12.00
# Visual Studio Version 17
VisualStudioVersion = 17.13.35828.75 d17.13
MinimumVisualStudioVersion = 10.0.40219.1
Project("{FAE04EC0-301F-11D3-BF4B-00C04F79EFBC}") = "MethodsAssignment4", "MethodsAssignment4\MethodsAssignment4.csproj", "{F7CEA816-7303-49B4-8DE7-1C07A941ECED}"
EndProject
Global
	GlobalSection(SolutionConfigurationPlatforms) = preSolution
		Debug|Any CPU = Debug|Any CPU
		Release|Any CPU = Release|Any CPU
	EndGlobalSection
	GlobalSection(ProjectConfigurationPlatforms) = postSolution
		{F7CEA816-7303-49B4-8DE7-1C07A941ECED}.Debug|Any CPU.ActiveCfg = Debug|Any CPU
		{F7CEA816-7303-49B4-8DE7-1C07A941ECED}.Debug|Any CPU.Build.0 = Debug|Any CPU
		{F7CEA816-7303-49B4-8DE7-1C07A941ECED}.Release|Any CPU.ActiveCfg = Release|Any CPU
		{F7CEA816-7303-49B4-8DE7-1C07A941ECED}.Release|Any CPU.Build.0 = Release|Any CPU
	EndGlobalSection
	GlobalSection(SolutionProperties) = preSolution
		HideSolutionNode = FALSE
	EndGlobalSection
	GlobalSection(ExtensibilityGlobals) = postSolution
		SolutionGuid = {52E61BDD-6BB8-4335-87BF-630E5861F8F6}
	EndGlobalSection
EndGlobal
