
Microsoft Visual Studio Solution File, Format Version 12.00
# Visual Studio Version 17
VisualStudioVersion = 17.13.35828.75 d17.13
MinimumVisualStudioVersion = 10.0.40219.1
Project("{FAE04EC0-301F-11D3-BF4B-00C04F79EFBC}") = "IterateAssignment", "IterateAssignment\IterateAssignment.csproj", "{9FE44CDF-8E58-4853-8768-A10ECB6D9B8D}"
EndProject
Global
	GlobalSection(SolutionConfigurationPlatforms) = preSolution
		Debug|Any CPU = Debug|Any CPU
		Release|Any CPU = Release|Any CPU
	EndGlobalSection
	GlobalSection(ProjectConfigurationPlatforms) = postSolution
		{9FE44CDF-8E58-4853-8768-A10ECB6D9B8D}.Debug|Any CPU.ActiveCfg = Debug|Any CPU
		{9FE44CDF-8E58-4853-8768-A10ECB6D9B8D}.Debug|Any CPU.Build.0 = Debug|Any CPU
		{9FE44CDF-8E58-4853-8768-A10ECB6D9B8D}.Release|Any CPU.ActiveCfg = Release|Any CPU
		{9FE44CDF-8E58-4853-8768-A10ECB6D9B8D}.Release|Any CPU.Build.0 = Release|Any CPU
	EndGlobalSection
	GlobalSection(SolutionProperties) = preSolution
		HideSolutionNode = FALSE
	EndGlobalSection
	GlobalSection(ExtensibilityGlobals) = postSolution
		SolutionGuid = {54772456-6174-4F60-8EA7-64A90E14B804}
	EndGlobalSection
EndGlobal
